
Microsoft Visual Studio Solution File, Format Version 12.00
# Visual Studio Version 16
VisualStudioVersion = 16.0.29728.190
MinimumVisualStudioVersion = 10.0.40219.1
Project("{FAE04EC0-301F-11D3-BF4B-00C04F79EFBC}") = "XUnitTestProjectBDD", "XUnitTestProjectBDD\XUnitTestProjectBDD.csproj", "{0957560D-31C0-4D6A-90AA-B325A7507F62}"
EndProject
Global
	GlobalSection(SolutionConfigurationPlatforms) = preSolution
		Debug|Any CPU = Debug|Any CPU
		Release|Any CPU = Release|Any CPU
	EndGlobalSection
	GlobalSection(ProjectConfigurationPlatforms) = postSolution
		{0957560D-31C0-4D6A-90AA-B325A7507F62}.Debug|Any CPU.ActiveCfg = Debug|Any CPU
		{0957560D-31C0-4D6A-90AA-B325A7507F62}.Debug|Any CPU.Build.0 = Debug|Any CPU
		{0957560D-31C0-4D6A-90AA-B325A7507F62}.Release|Any CPU.ActiveCfg = Release|Any CPU
		{0957560D-31C0-4D6A-90AA-B325A7507F62}.Release|Any CPU.Build.0 = Release|Any CPU
	EndGlobalSection
	GlobalSection(SolutionProperties) = preSolution
		HideSolutionNode = FALSE
	EndGlobalSection
	GlobalSection(ExtensibilityGlobals) = postSolution
		SolutionGuid = {7E8AB8C4-569D-4C67-931E-477AA3435406}
	EndGlobalSection
EndGlobal
